
Microsoft Visual Studio Solution File, Format Version 12.00
# Visual Studio Version 16
VisualStudioVersion = 16.0.34902.97
MinimumVisualStudioVersion = 10.0.40219.1
Project("{FAE04EC0-301F-11D3-BF4B-00C04F79EFBC}") = "CapaPresentacion", "CapaPresentacion\CapaPresentacion.csproj", "{4EEF8AC1-0696-428D-8263-A27181C2DEDE}"
EndProject
Project("{FAE04EC0-301F-11D3-BF4B-00C04F79EFBC}") = "CapaDatos", "CapaDatos\CapaDatos.csproj", "{9399EB3B-083A-441F-8714-4E4658DD5153}"
EndProject
Project("{FAE04EC0-301F-11D3-BF4B-00C04F79EFBC}") = "CapaNegocio", "CapaNegocio\CapaNegocio.csproj", "{149CA9A2-8018-4827-8CE7-B2EF657DF3DC}"
EndProject
Global
	GlobalSection(SolutionConfigurationPlatforms) = preSolution
		Debug|Any CPU = Debug|Any CPU
		Release|Any CPU = Release|Any CPU
	EndGlobalSection
	GlobalSection(ProjectConfigurationPlatforms) = postSolution
		{4EEF8AC1-0696-428D-8263-A27181C2DEDE}.Debug|Any CPU.ActiveCfg = Debug|Any CPU
		{4EEF8AC1-0696-428D-8263-A27181C2DEDE}.Debug|Any CPU.Build.0 = Debug|Any CPU
		{4EEF8AC1-0696-428D-8263-A27181C2DEDE}.Release|Any CPU.ActiveCfg = Release|Any CPU
		{4EEF8AC1-0696-428D-8263-A27181C2DEDE}.Release|Any CPU.Build.0 = Release|Any CPU
		{9399EB3B-083A-441F-8714-4E4658DD5153}.Debug|Any CPU.ActiveCfg = Debug|Any CPU
		{9399EB3B-083A-441F-8714-4E4658DD5153}.Debug|Any CPU.Build.0 = Debug|Any CPU
		{9399EB3B-083A-441F-8714-4E4658DD5153}.Release|Any CPU.ActiveCfg = Release|Any CPU
		{9399EB3B-083A-441F-8714-4E4658DD5153}.Release|Any CPU.Build.0 = Release|Any CPU
		{149CA9A2-8018-4827-8CE7-B2EF657DF3DC}.Debug|Any CPU.ActiveCfg = Debug|Any CPU
		{149CA9A2-8018-4827-8CE7-B2EF657DF3DC}.Debug|Any CPU.Build.0 = Debug|Any CPU
		{149CA9A2-8018-4827-8CE7-B2EF657DF3DC}.Release|Any CPU.ActiveCfg = Release|Any CPU
		{149CA9A2-8018-4827-8CE7-B2EF657DF3DC}.Release|Any CPU.Build.0 = Release|Any CPU
	EndGlobalSection
	GlobalSection(SolutionProperties) = preSolution
		HideSolutionNode = FALSE
	EndGlobalSection
	GlobalSection(ExtensibilityGlobals) = postSolution
		SolutionGuid = {BE757EFF-4368-4823-A4A4-93D5D7E2B4EA}
	EndGlobalSection
EndGlobal
